// !$*UTF8*$!
{
	archiveVersion = 1;
	classes = {
	};
	objectVersion = 56;
	objects = {

/* Begin PBXBuildFile section */
		96E0938B2C8F4D4D005003B8 /* DundieIOSApp.swift in Sources */ = {isa = PBXBuildFile; fileRef = 96E0938A2C8F4D4D005003B8 /* DundieIOSApp.swift */; };
		96E0938D2C8F4D4D005003B8 /* ContentView.swift in Sources */ = {isa = PBXBuildFile; fileRef = 96E0938C2C8F4D4D005003B8 /* ContentView.swift */; };
		96E0938F2C8F4D4D005003B8 /* Item.swift in Sources */ = {isa = PBXBuildFile; fileRef = 96E0938E2C8F4D4D005003B8 /* Item.swift */; };
		96E093912C8F4D4F005003B8 /* Assets.xcassets in Resources */ = {isa = PBXBuildFile; fileRef = 96E093902C8F4D4F005003B8 /* Assets.xcassets */; };
		96E093942C8F4D4F005003B8 /* Preview Assets.xcassets in Resources */ = {isa = PBXBuildFile; fileRef = 96E093932C8F4D4F005003B8 /* Preview Assets.xcassets */; };
		96E0939E2C8F4D4F005003B8 /* DundieIOSTests.swift in Sources */ = {isa = PBXBuildFile; fileRef = 96E0939D2C8F4D4F005003B8 /* DundieIOSTests.swift */; };
		96E093A82C8F4D4F005003B8 /* DundieIOSUITests.swift in Sources */ = {isa = PBXBuildFile; fileRef = 96E093A72C8F4D4F005003B8 /* DundieIOSUITests.swift */; };
		96E093AA2C8F4D4F005003B8 /* DundieIOSUITestsLaunchTests.swift in Sources */ = {isa = PBXBuildFile; fileRef = 96E093A92C8F4D4F005003B8 /* DundieIOSUITestsLaunchTests.swift */; };
/* End PBXBuildFile section */

/* Begin PBXContainerItemProxy section */
		96E0939A2C8F4D4F005003B8 /* PBXContainerItemProxy */ = {
			isa = PBXContainerItemProxy;
			containerPortal = 96E0937F2C8F4D4D005003B8 /* Project object */;
			proxyType = 1;
			remoteGlobalIDString = 96E093862C8F4D4D005003B8;
			remoteInfo = DundieIOS;
		};
		96E093A42C8F4D4F005003B8 /* PBXContainerItemProxy */ = {
			isa = PBXContainerItemProxy;
			containerPortal = 96E0937F2C8F4D4D005003B8 /* Project object */;
			proxyType = 1;
			remoteGlobalIDString = 96E093862C8F4D4D005003B8;
			remoteInfo = DundieIOS;
		};
/* End PBXContainerItemProxy section */

/* Begin PBXFileReference section */
		96E093872C8F4D4D005003B8 /* DundieIOS.app */ = {isa = PBXFileReference; explicitFileType = wrapper.application; includeInIndex = 0; path = DundieIOS.app; sourceTree = BUILT_PRODUCTS_DIR; };
		96E0938A2C8F4D4D005003B8 /* DundieIOSApp.swift */ = {isa = PBXFileReference; lastKnownFileType = sourcecode.swift; path = DundieIOSApp.swift; sourceTree = "<group>"; };
		96E0938C2C8F4D4D005003B8 /* ContentView.swift */ = {isa = PBXFileReference; lastKnownFileType = sourcecode.swift; path = ContentView.swift; sourceTree = "<group>"; };
		96E0938E2C8F4D4D005003B8 /* Item.swift */ = {isa = PBXFileReference; lastKnownFileType = sourcecode.swift; path = Item.swift; sourceTree = "<group>"; };
		96E093902C8F4D4F005003B8 /* Assets.xcassets */ = {isa = PBXFileReference; lastKnownFileType = folder.assetcatalog; path = Assets.xcassets; sourceTree = "<group>"; };
		96E093932C8F4D4F005003B8 /* Preview Assets.xcassets */ = {isa = PBXFileReference; lastKnownFileType = folder.assetcatalog; path = "Preview Assets.xcassets"; sourceTree = "<group>"; };
		96E093992C8F4D4F005003B8 /* DundieIOSTests.xctest */ = {isa = PBXFileReference; explicitFileType = wrapper.cfbundle; includeInIndex = 0; path = DundieIOSTests.xctest; sourceTree = BUILT_PRODUCTS_DIR; };
		96E0939D2C8F4D4F005003B8 /* DundieIOSTests.swift */ = {isa = PBXFileReference; lastKnownFileType = sourcecode.swift; path = DundieIOSTests.swift; sourceTree = "<group>"; };
		96E093A32C8F4D4F005003B8 /* DundieIOSUITests.xctest */ = {isa = PBXFileReference; explicitFileType = wrapper.cfbundle; includeInIndex = 0; path = DundieIOSUITests.xctest; sourceTree = BUILT_PRODUCTS_DIR; };
		96E093A72C8F4D4F005003B8 /* DundieIOSUITests.swift */ = {isa = PBXFileReference; lastKnownFileType = sourcecode.swift; path = DundieIOSUITests.swift; sourceTree = "<group>"; };
		96E093A92C8F4D4F005003B8 /* DundieIOSUITestsLaunchTests.swift */ = {isa = PBXFileReference; lastKnownFileType = sourcecode.swift; path = DundieIOSUITestsLaunchTests.swift; sourceTree = "<group>"; };
/* End PBXFileReference section */

/* Begin PBXFrameworksBuildPhase section */
		96E093842C8F4D4D005003B8 /* Frameworks */ = {
			isa = PBXFrameworksBuildPhase;
			buildActionMask = 2147483647;
			files = (
			);
			runOnlyForDeploymentPostprocessing = 0;
		};
		96E093962C8F4D4F005003B8 /* Frameworks */ = {
			isa = PBXFrameworksBuildPhase;
			buildActionMask = 2147483647;
			files = (
			);
			runOnlyForDeploymentPostprocessing = 0;
		};
		96E093A02C8F4D4F005003B8 /* Frameworks */ = {
			isa = PBXFrameworksBuildPhase;
			buildActionMask = 2147483647;
			files = (
			);
			runOnlyForDeploymentPostprocessing = 0;
		};
/* End PBXFrameworksBuildPhase section */

/* Begin PBXGroup section */
		96E0937E2C8F4D4D005003B8 = {
			isa = PBXGroup;
			children = (
				96E093892C8F4D4D005003B8 /* DundieIOS */,
				96E0939C2C8F4D4F005003B8 /* DundieIOSTests */,
				96E093A62C8F4D4F005003B8 /* DundieIOSUITests */,
				96E093882C8F4D4D005003B8 /* Products */,
			);
			sourceTree = "<group>";
		};
		96E093882C8F4D4D005003B8 /* Products */ = {
			isa = PBXGroup;
			children = (
				96E093872C8F4D4D005003B8 /* DundieIOS.app */,
				96E093992C8F4D4F005003B8 /* DundieIOSTests.xctest */,
				96E093A32C8F4D4F005003B8 /* DundieIOSUITests.xctest */,
			);
			name = Products;
			sourceTree = "<group>";
		};
		96E093892C8F4D4D005003B8 /* DundieIOS */ = {
			isa = PBXGroup;
			children = (
				96E0938A2C8F4D4D005003B8 /* DundieIOSApp.swift */,
				96E0938C2C8F4D4D005003B8 /* ContentView.swift */,
				96E0938E2C8F4D4D005003B8 /* Item.swift */,
				96E093902C8F4D4F005003B8 /* Assets.xcassets */,
				96E093922C8F4D4F005003B8 /* Preview Content */,
			);
			path = DundieIOS;
			sourceTree = "<group>";
		};
		96E093922C8F4D4F005003B8 /* Preview Content */ = {
			isa = PBXGroup;
			children = (
				96E093932C8F4D4F005003B8 /* Preview Assets.xcassets */,
			);
			path = "Preview Content";
			sourceTree = "<group>";
		};
		96E0939C2C8F4D4F005003B8 /* DundieIOSTests */ = {
			isa = PBXGroup;
			children = (
				96E0939D2C8F4D4F005003B8 /* DundieIOSTests.swift */,
			);
			path = DundieIOSTests;
			sourceTree = "<group>";
		};
		96E093A62C8F4D4F005003B8 /* DundieIOSUITests */ = {
			isa = PBXGroup;
			children = (
				96E093A72C8F4D4F005003B8 /* DundieIOSUITests.swift */,
				96E093A92C8F4D4F005003B8 /* DundieIOSUITestsLaunchTests.swift */,
			);
			path = DundieIOSUITests;
			sourceTree = "<group>";
		};
/* End PBXGroup section */

/* Begin PBXNativeTarget section */
		96E093862C8F4D4D005003B8 /* DundieIOS */ = {
			isa = PBXNativeTarget;
			buildConfigurationList = 96E093AD2C8F4D4F005003B8 /* Build configuration list for PBXNativeTarget "DundieIOS" */;
			buildPhases = (
				96E093832C8F4D4D005003B8 /* Sources */,
				96E093842C8F4D4D005003B8 /* Frameworks */,
				96E093852C8F4D4D005003B8 /* Resources */,
			);
			buildRules = (
			);
			dependencies = (
			);
			name = DundieIOS;
			productName = DundieIOS;
			productReference = 96E093872C8F4D4D005003B8 /* DundieIOS.app */;
			productType = "com.apple.product-type.application";
		};
		96E093982C8F4D4F005003B8 /* DundieIOSTests */ = {
			isa = PBXNativeTarget;
			buildConfigurationList = 96E093B02C8F4D4F005003B8 /* Build configuration list for PBXNativeTarget "DundieIOSTests" */;
			buildPhases = (
				96E093952C8F4D4F005003B8 /* Sources */,
				96E093962C8F4D4F005003B8 /* Frameworks */,
				96E093972C8F4D4F005003B8 /* Resources */,
			);
			buildRules = (
			);
			dependencies = (
				96E0939B2C8F4D4F005003B8 /* PBXTargetDependency */,
			);
			name = DundieIOSTests;
			productName = DundieIOSTests;
			productReference = 96E093992C8F4D4F005003B8 /* DundieIOSTests.xctest */;
			productType = "com.apple.product-type.bundle.unit-test";
		};
		96E093A22C8F4D4F005003B8 /* DundieIOSUITests */ = {
			isa = PBXNativeTarget;
			buildConfigurationList = 96E093B32C8F4D4F005003B8 /* Build configuration list for PBXNativeTarget "DundieIOSUITests" */;
			buildPhases = (
				96E0939F2C8F4D4F005003B8 /* Sources */,
				96E093A02C8F4D4F005003B8 /* Frameworks */,
				96E093A12C8F4D4F005003B8 /* Resources */,
			);
			buildRules = (
			);
			dependencies = (
				96E093A52C8F4D4F005003B8 /* PBXTargetDependency */,
			);
			name = DundieIOSUITests;
			productName = DundieIOSUITests;
			productReference = 96E093A32C8F4D4F005003B8 /* DundieIOSUITests.xctest */;
			productType = "com.apple.product-type.bundle.ui-testing";
		};
/* End PBXNativeTarget section */

/* Begin PBXProject section */
		96E0937F2C8F4D4D005003B8 /* Project object */ = {
			isa = PBXProject;
			attributes = {
				BuildIndependentTargetsInParallel = 1;
				LastSwiftUpdateCheck = 1540;
				LastUpgradeCheck = 1540;
				TargetAttributes = {
					96E093862C8F4D4D005003B8 = {
						CreatedOnToolsVersion = 15.4;
					};
					96E093982C8F4D4F005003B8 = {
						CreatedOnToolsVersion = 15.4;
						TestTargetID = 96E093862C8F4D4D005003B8;
					};
					96E093A22C8F4D4F005003B8 = {
						CreatedOnToolsVersion = 15.4;
						TestTargetID = 96E093862C8F4D4D005003B8;
					};
				};
			};
			buildConfigurationList = 96E093822C8F4D4D005003B8 /* Build configuration list for PBXProject "DundieIOS" */;
			compatibilityVersion = "Xcode 14.0";
			developmentRegion = en;
			hasScannedForEncodings = 0;
			knownRegions = (
				en,
				Base,
			);
			mainGroup = 96E0937E2C8F4D4D005003B8;
			productRefGroup = 96E093882C8F4D4D005003B8 /* Products */;
			projectDirPath = "";
			projectRoot = "";
			targets = (
				96E093862C8F4D4D005003B8 /* DundieIOS */,
				96E093982C8F4D4F005003B8 /* DundieIOSTests */,
				96E093A22C8F4D4F005003B8 /* DundieIOSUITests */,
			);
		};
/* End PBXProject section */

/* Begin PBXResourcesBuildPhase section */
		96E093852C8F4D4D005003B8 /* Resources */ = {
			isa = PBXResourcesBuildPhase;
			buildActionMask = 2147483647;
			files = (
				96E093942C8F4D4F005003B8 /* Preview Assets.xcassets in Resources */,
				96E093912C8F4D4F005003B8 /* Assets.xcassets in Resources */,
			);
			runOnlyForDeploymentPostprocessing = 0;
		};
		96E093972C8F4D4F005003B8 /* Resources */ = {
			isa = PBXResourcesBuildPhase;
			buildActionMask = 2147483647;
			files = (
			);
			runOnlyForDeploymentPostprocessing = 0;
		};
		96E093A12C8F4D4F005003B8 /* Resources */ = {
			isa = PBXResourcesBuildPhase;
			buildActionMask = 2147483647;
			files = (
			);
			runOnlyForDeploymentPostprocessing = 0;
		};
/* End PBXResourcesBuildPhase section */

/* Begin PBXSourcesBuildPhase section */
		96E093832C8F4D4D005003B8 /* Sources */ = {
			isa = PBXSourcesBuildPhase;
			buildActionMask = 2147483647;
			files = (
				96E0938D2C8F4D4D005003B8 /* ContentView.swift in Sources */,
				96E0938F2C8F4D4D005003B8 /* Item.swift in Sources */,
				96E0938B2C8F4D4D005003B8 /* DundieIOSApp.swift in Sources */,
			);
			runOnlyForDeploymentPostprocessing = 0;
		};
		96E093952C8F4D4F005003B8 /* Sources */ = {
			isa = PBXSourcesBuildPhase;
			buildActionMask = 2147483647;
			files = (
				96E0939E2C8F4D4F005003B8 /* DundieIOSTests.swift in Sources */,
			);
			runOnlyForDeploymentPostprocessing = 0;
		};
		96E0939F2C8F4D4F005003B8 /* Sources */ = {
			isa = PBXSourcesBuildPhase;
			buildActionMask = 2147483647;
			files = (
				96E093A82C8F4D4F005003B8 /* DundieIOSUITests.swift in Sources */,
				96E093AA2C8F4D4F005003B8 /* DundieIOSUITestsLaunchTests.swift in Sources */,
			);
			runOnlyForDeploymentPostprocessing = 0;
		};
/* End PBXSourcesBuildPhase section */

/* Begin PBXTargetDependency section */
		96E0939B2C8F4D4F005003B8 /* PBXTargetDependency */ = {
			isa = PBXTargetDependency;
			target = 96E093862C8F4D4D005003B8 /* DundieIOS */;
			targetProxy = 96E0939A2C8F4D4F005003B8 /* PBXContainerItemProxy */;
		};
		96E093A52C8F4D4F005003B8 /* PBXTargetDependency */ = {
			isa = PBXTargetDependency;
			target = 96E093862C8F4D4D005003B8 /* DundieIOS */;
			targetProxy = 96E093A42C8F4D4F005003B8 /* PBXContainerItemProxy */;
		};
/* End PBXTargetDependency section */

/* Begin XCBuildConfiguration section */
		96E093AB2C8F4D4F005003B8 /* Debug */ = {
			isa = XCBuildConfiguration;
			buildSettings = {
				ALWAYS_SEARCH_USER_PATHS = NO;
				ASSETCATALOG_COMPILER_GENERATE_SWIFT_ASSET_SYMBOL_EXTENSIONS = YES;
				CLANG_ANALYZER_NONNULL = YES;
				CLANG_ANALYZER_NUMBER_OBJECT_CONVERSION = YES_AGGRESSIVE;
				CLANG_CXX_LANGUAGE_STANDARD = "gnu++20";
				CLANG_ENABLE_MODULES = YES;
				CLANG_ENABLE_OBJC_ARC = YES;
				CLANG_ENABLE_OBJC_WEAK = YES;
				CLANG_WARN_BLOCK_CAPTURE_AUTORELEASING = YES;
				CLANG_WARN_BOOL_CONVERSION = YES;
				CLANG_WARN_COMMA = YES;
				CLANG_WARN_CONSTANT_CONVERSION = YES;
				CLANG_WARN_DEPRECATED_OBJC_IMPLEMENTATIONS = YES;
				CLANG_WARN_DIRECT_OBJC_ISA_USAGE = YES_ERROR;
				CLANG_WARN_DOCUMENTATION_COMMENTS = YES;
				CLANG_WARN_EMPTY_BODY = YES;
				CLANG_WARN_ENUM_CONVERSION = YES;
				CLANG_WARN_INFINITE_RECURSION = YES;
				CLANG_WARN_INT_CONVERSION = YES;
				CLANG_WARN_NON_LITERAL_NULL_CONVERSION = YES;
				CLANG_WARN_OBJC_IMPLICIT_RETAIN_SELF = YES;
				CLANG_WARN_OBJC_LITERAL_CONVERSION = YES;
				CLANG_WARN_OBJC_ROOT_CLASS = YES_ERROR;
				CLANG_WARN_QUOTED_INCLUDE_IN_FRAMEWORK_HEADER = YES;
				CLANG_WARN_RANGE_LOOP_ANALYSIS = YES;
				CLANG_WARN_STRICT_PROTOTYPES = YES;
				CLANG_WARN_SUSPICIOUS_MOVE = YES;
				CLANG_WARN_UNGUARDED_AVAILABILITY = YES_AGGRESSIVE;
				CLANG_WARN_UNREACHABLE_CODE = YES;
				CLANG_WARN__DUPLICATE_METHOD_MATCH = YES;
				COPY_PHASE_STRIP = NO;
				DEBUG_INFORMATION_FORMAT = dwarf;
				ENABLE_STRICT_OBJC_MSGSEND = YES;
				ENABLE_TESTABILITY = YES;
				ENABLE_USER_SCRIPT_SANDBOXING = YES;
				GCC_C_LANGUAGE_STANDARD = gnu17;
				GCC_DYNAMIC_NO_PIC = NO;
				GCC_NO_COMMON_BLOCKS = YES;
				GCC_OPTIMIZATION_LEVEL = 0;
				GCC_PREPROCESSOR_DEFINITIONS = (
					"DEBUG=1",
					"$(inherited)",
				);
				GCC_WARN_64_TO_32_BIT_CONVERSION = YES;
				GCC_WARN_ABOUT_RETURN_TYPE = YES_ERROR;
				GCC_WARN_UNDECLARED_SELECTOR = YES;
				GCC_WARN_UNINITIALIZED_AUTOS = YES_AGGRESSIVE;
				GCC_WARN_UNUSED_FUNCTION = YES;
				GCC_WARN_UNUSED_VARIABLE = YES;
				IPHONEOS_DEPLOYMENT_TARGET = 17.5;
				LOCALIZATION_PREFERS_STRING_CATALOGS = YES;
				MTL_ENABLE_DEBUG_INFO = INCLUDE_SOURCE;
				MTL_FAST_MATH = YES;
				ONLY_ACTIVE_ARCH = YES;
				SDKROOT = iphoneos;
				SWIFT_ACTIVE_COMPILATION_CONDITIONS = "DEBUG $(inherited)";
				SWIFT_OPTIMIZATION_LEVEL = "-Onone";
			};
			name = Debug;
		};
		96E093AC2C8F4D4F005003B8 /* Release */ = {
			isa = XCBuildConfiguration;
			buildSettings = {
				ALWAYS_SEARCH_USER_PATHS = NO;
				ASSETCATALOG_COMPILER_GENERATE_SWIFT_ASSET_SYMBOL_EXTENSIONS = YES;
				CLANG_ANALYZER_NONNULL = YES;
				CLANG_ANALYZER_NUMBER_OBJECT_CONVERSION = YES_AGGRESSIVE;
				CLANG_CXX_LANGUAGE_STANDARD = "gnu++20";
				CLANG_ENABLE_MODULES = YES;
				CLANG_ENABLE_OBJC_ARC = YES;
				CLANG_ENABLE_OBJC_WEAK = YES;
				CLANG_WARN_BLOCK_CAPTURE_AUTORELEASING = YES;
				CLANG_WARN_BOOL_CONVERSION = YES;
				CLANG_WARN_COMMA = YES;
				CLANG_WARN_CONSTANT_CONVERSION = YES;
				CLANG_WARN_DEPRECATED_OBJC_IMPLEMENTATIONS = YES;
				CLANG_WARN_DIRECT_OBJC_ISA_USAGE = YES_ERROR;
				CLANG_WARN_DOCUMENTATION_COMMENTS = YES;
				CLANG_WARN_EMPTY_BODY = YES;
				CLANG_WARN_ENUM_CONVERSION = YES;
				CLANG_WARN_INFINITE_RECURSION = YES;
				CLANG_WARN_INT_CONVERSION = YES;
				CLANG_WARN_NON_LITERAL_NULL_CONVERSION = YES;
				CLANG_WARN_OBJC_IMPLICIT_RETAIN_SELF = YES;
				CLANG_WARN_OBJC_LITERAL_CONVERSION = YES;
				CLANG_WARN_OBJC_ROOT_CLASS = YES_ERROR;
				CLANG_WARN_QUOTED_INCLUDE_IN_FRAMEWORK_HEADER = YES;
				CLANG_WARN_RANGE_LOOP_ANALYSIS = YES;
				CLANG_WARN_STRICT_PROTOTYPES = YES;
				CLANG_WARN_SUSPICIOUS_MOVE = YES;
				CLANG_WARN_UNGUARDED_AVAILABILITY = YES_AGGRESSIVE;
				CLANG_WARN_UNREACHABLE_CODE = YES;
				CLANG_WARN__DUPLICATE_METHOD_MATCH = YES;
				COPY_PHASE_STRIP = NO;
				DEBUG_INFORMATION_FORMAT = "dwarf-with-dsym";
				ENABLE_NS_ASSERTIONS = NO;
				ENABLE_STRICT_OBJC_MSGSEND = YES;
				ENABLE_USER_SCRIPT_SANDBOXING = YES;
				GCC_C_LANGUAGE_STANDARD = gnu17;
				GCC_NO_COMMON_BLOCKS = YES;
				GCC_WARN_64_TO_32_BIT_CONVERSION = YES;
				GCC_WARN_ABOUT_RETURN_TYPE = YES_ERROR;
				GCC_WARN_UNDECLARED_SELECTOR = YES;
				GCC_WARN_UNINITIALIZED_AUTOS = YES_AGGRESSIVE;
				GCC_WARN_UNUSED_FUNCTION = YES;
				GCC_WARN_UNUSED_VARIABLE = YES;
				IPHONEOS_DEPLOYMENT_TARGET = 17.5;
				LOCALIZATION_PREFERS_STRING_CATALOGS = YES;
				MTL_ENABLE_DEBUG_INFO = NO;
				MTL_FAST_MATH = YES;
				SDKROOT = iphoneos;
				SWIFT_COMPILATION_MODE = wholemodule;
				VALIDATE_PRODUCT = YES;
			};
			name = Release;
		};
		96E093AE2C8F4D4F005003B8 /* Debug */ = {
			isa = XCBuildConfiguration;
			buildSettings = {
				ASSETCATALOG_COMPILER_APPICON_NAME = AppIcon;
				ASSETCATALOG_COMPILER_GLOBAL_ACCENT_COLOR_NAME = AccentColor;
				CODE_SIGN_STYLE = Automatic;
				CURRENT_PROJECT_VERSION = 1;
				DEVELOPMENT_ASSET_PATHS = "\"DundieIOS/Preview Content\"";
				DEVELOPMENT_TEAM = 52D8S5PM75;
				ENABLE_PREVIEWS = YES;
				GENERATE_INFOPLIST_FILE = YES;
				INFOPLIST_KEY_UIApplicationSceneManifest_Generation = YES;
				INFOPLIST_KEY_UIApplicationSupportsIndirectInputEvents = YES;
				INFOPLIST_KEY_UILaunchScreen_Generation = YES;
				INFOPLIST_KEY_UISupportedInterfaceOrientations_iPad = "UIInterfaceOrientationPortrait UIInterfaceOrientationPortraitUpsideDown UIInterfaceOrientationLandscapeLeft UIInterfaceOrientationLandscapeRight";
				INFOPLIST_KEY_UISupportedInterfaceOrientations_iPhone = "UIInterfaceOrientationPortrait UIInterfaceOrientationLandscapeLeft UIInterfaceOrientationLandscapeRight";
				LD_RUNPATH_SEARCH_PATHS = (
					"$(inherited)",
					"@executable_path/Frameworks",
				);
				MARKETING_VERSION = 1.0;
				PRODUCT_BUNDLE_IDENTIFIER = com.svyatoshteam.DundieIOS;
				PRODUCT_NAME = "$(TARGET_NAME)";
				SWIFT_EMIT_LOC_STRINGS = YES;
				SWIFT_VERSION = 5.0;
				TARGETED_DEVICE_FAMILY = "1,2";
			};
			name = Debug;
		};
		96E093AF2C8F4D4F005003B8 /* Release */ = {
			isa = XCBuildConfiguration;
			buildSettings = {
				ASSETCATALOG_COMPILER_APPICON_NAME = AppIcon;
				ASSETCATALOG_COMPILER_GLOBAL_ACCENT_COLOR_NAME = AccentColor;
				CODE_SIGN_STYLE = Automatic;
				CURRENT_PROJECT_VERSION = 1;
				DEVELOPMENT_ASSET_PATHS = "\"DundieIOS/Preview Content\"";
				DEVELOPMENT_TEAM = 52D8S5PM75;
				ENABLE_PREVIEWS = YES;
				GENERATE_INFOPLIST_FILE = YES;
				INFOPLIST_KEY_UIApplicationSceneManifest_Generation = YES;
				INFOPLIST_KEY_UIApplicationSupportsIndirectInputEvents = YES;
				INFOPLIST_KEY_UILaunchScreen_Generation = YES;
				INFOPLIST_KEY_UISupportedInterfaceOrientations_iPad = "UIInterfaceOrientationPortrait UIInterfaceOrientationPortraitUpsideDown UIInterfaceOrientationLandscapeLeft UIInterfaceOrientationLandscapeRight";
				INFOPLIST_KEY_UISupportedInterfaceOrientations_iPhone = "UIInterfaceOrientationPortrait UIInterfaceOrientationLandscapeLeft UIInterfaceOrientationLandscapeRight";
				LD_RUNPATH_SEARCH_PATHS = (
					"$(inherited)",
					"@executable_path/Frameworks",
				);
				MARKETING_VERSION = 1.0;
				PRODUCT_BUNDLE_IDENTIFIER = com.svyatoshteam.DundieIOS;
				PRODUCT_NAME = "$(TARGET_NAME)";
				SWIFT_EMIT_LOC_STRINGS = YES;
				SWIFT_VERSION = 5.0;
				TARGETED_DEVICE_FAMILY = "1,2";
			};
			name = Release;
		};
		96E093B12C8F4D4F005003B8 /* Debug */ = {
			isa = XCBuildConfiguration;
			buildSettings = {
				ALWAYS_EMBED_SWIFT_STANDARD_LIBRARIES = YES;
				BUNDLE_LOADER = "$(TEST_HOST)";
				CODE_SIGN_STYLE = Automatic;
				CURRENT_PROJECT_VERSION = 1;
				DEVELOPMENT_TEAM = 52D8S5PM75;
				GENERATE_INFOPLIST_FILE = YES;
				IPHONEOS_DEPLOYMENT_TARGET = 17.5;
				MARKETING_VERSION = 1.0;
				PRODUCT_BUNDLE_IDENTIFIER = com.svyatoshteam.DundieIOSTests;
				PRODUCT_NAME = "$(TARGET_NAME)";
				SWIFT_EMIT_LOC_STRINGS = NO;
				SWIFT_VERSION = 5.0;
				TARGETED_DEVICE_FAMILY = "1,2";
				TEST_HOST = "$(BUILT_PRODUCTS_DIR)/DundieIOS.app/$(BUNDLE_EXECUTABLE_FOLDER_PATH)/DundieIOS";
			};
			name = Debug;
		};
		96E093B22C8F4D4F005003B8 /* Release */ = {
			isa = XCBuildConfiguration;
			buildSettings = {
				ALWAYS_EMBED_SWIFT_STANDARD_LIBRARIES = YES;
				BUNDLE_LOADER = "$(TEST_HOST)";
				CODE_SIGN_STYLE = Automatic;
				CURRENT_PROJECT_VERSION = 1;
				DEVELOPMENT_TEAM = 52D8S5PM75;
				GENERATE_INFOPLIST_FILE = YES;
				IPHONEOS_DEPLOYMENT_TARGET = 17.5;
				MARKETING_VERSION = 1.0;
				PRODUCT_BUNDLE_IDENTIFIER = com.svyatoshteam.DundieIOSTests;
				PRODUCT_NAME = "$(TARGET_NAME)";
				SWIFT_EMIT_LOC_STRINGS = NO;
				SWIFT_VERSION = 5.0;
				TARGETED_DEVICE_FAMILY = "1,2";
				TEST_HOST = "$(BUILT_PRODUCTS_DIR)/DundieIOS.app/$(BUNDLE_EXECUTABLE_FOLDER_PATH)/DundieIOS";
			};
			name = Release;
		};
		96E093B42C8F4D4F005003B8 /* Debug */ = {
			isa = XCBuildConfiguration;
			buildSettings = {
				ALWAYS_EMBED_SWIFT_STANDARD_LIBRARIES = YES;
				CODE_SIGN_STYLE = Automatic;
				CURRENT_PROJECT_VERSION = 1;
				DEVELOPMENT_TEAM = 52D8S5PM75;
				GENERATE_INFOPLIST_FILE = YES;
				MARKETING_VERSION = 1.0;
				PRODUCT_BUNDLE_IDENTIFIER = com.svyatoshteam.DundieIOSUITests;
				PRODUCT_NAME = "$(TARGET_NAME)";
				SWIFT_EMIT_LOC_STRINGS = NO;
				SWIFT_VERSION = 5.0;
				TARGETED_DEVICE_FAMILY = "1,2";
				TEST_TARGET_NAME = DundieIOS;
			};
			name = Debug;
		};
		96E093B52C8F4D4F005003B8 /* Release */ = {
			isa = XCBuildConfiguration;
			buildSettings = {
				ALWAYS_EMBED_SWIFT_STANDARD_LIBRARIES = YES;
				CODE_SIGN_STYLE = Automatic;
				CURRENT_PROJECT_VERSION = 1;
				DEVELOPMENT_TEAM = 52D8S5PM75;
				GENERATE_INFOPLIST_FILE = YES;
				MARKETING_VERSION = 1.0;
				PRODUCT_BUNDLE_IDENTIFIER = com.svyatoshteam.DundieIOSUITests;
				PRODUCT_NAME = "$(TARGET_NAME)";
				SWIFT_EMIT_LOC_STRINGS = NO;
				SWIFT_VERSION = 5.0;
				TARGETED_DEVICE_FAMILY = "1,2";
				TEST_TARGET_NAME = DundieIOS;
			};
			name = Release;
		};
/* End XCBuildConfiguration section */

/* Begin XCConfigurationList section */
		96E093822C8F4D4D005003B8 /* Build configuration list for PBXProject "DundieIOS" */ = {
			isa = XCConfigurationList;
			buildConfigurations = (
				96E093AB2C8F4D4F005003B8 /* Debug */,
				96E093AC2C8F4D4F005003B8 /* Release */,
			);
			defaultConfigurationIsVisible = 0;
			defaultConfigurationName = Release;
		};
		96E093AD2C8F4D4F005003B8 /* Build configuration list for PBXNativeTarget "DundieIOS" */ = {
			isa = XCConfigurationList;
			buildConfigurations = (
				96E093AE2C8F4D4F005003B8 /* Debug */,
				96E093AF2C8F4D4F005003B8 /* Release */,
			);
			defaultConfigurationIsVisible = 0;
			defaultConfigurationName = Release;
		};
		96E093B02C8F4D4F005003B8 /* Build configuration list for PBXNativeTarget "DundieIOSTests" */ = {
			isa = XCConfigurationList;
			buildConfigurations = (
				96E093B12C8F4D4F005003B8 /* Debug */,
				96E093B22C8F4D4F005003B8 /* Release */,
			);
			defaultConfigurationIsVisible = 0;
			defaultConfigurationName = Release;
		};
		96E093B32C8F4D4F005003B8 /* Build configuration list for PBXNativeTarget "DundieIOSUITests" */ = {
			isa = XCConfigurationList;
			buildConfigurations = (
				96E093B42C8F4D4F005003B8 /* Debug */,
				96E093B52C8F4D4F005003B8 /* Release */,
			);
			defaultConfigurationIsVisible = 0;
			defaultConfigurationName = Release;
		};
/* End XCConfigurationList section */
	};
	rootObject = 96E0937F2C8F4D4D005003B8 /* Project object */;
}
